
Microsoft Visual Studio Solution File, Format Version 12.00
# Visual Studio 15
VisualStudioVersion = 15.0.28010.2046
MinimumVisualStudioVersion = 10.0.40219.1
Project("{8BC9CEB8-8B4A-11D0-8D11-00A0C91BC942}") = "SocketClientTest", "SocketClientTest\SocketClientTest.vcxproj", "{34FC2F26-E493-4097-AEA4-63C823D0170D}"
EndProject
Global
	GlobalSection(SolutionConfigurationPlatforms) = preSolution
		Debug|x64 = Debug|x64
		Debug|x86 = Debug|x86
		Release|x64 = Release|x64
		Release|x86 = Release|x86
	EndGlobalSection
	GlobalSection(ProjectConfigurationPlatforms) = postSolution
		{033B6A25-7CC7-4AE5-A71E-A43A7A738F64}.Debug|x64.ActiveCfg = Debug|x64
		{033B6A25-7CC7-4AE5-A71E-A43A7A738F64}.Debug|x64.Build.0 = Debug|x64
		{033B6A25-7CC7-4AE5-A71E-A43A7A738F64}.Debug|x86.ActiveCfg = Debug|Win32
		{033B6A25-7CC7-4AE5-A71E-A43A7A738F64}.Debug|x86.Build.0 = Debug|Win32
		{033B6A25-7CC7-4AE5-A71E-A43A7A738F64}.Release|x64.ActiveCfg = Release|x64
		{033B6A25-7CC7-4AE5-A71E-A43A7A738F64}.Release|x64.Build.0 = Release|x64
		{033B6A25-7CC7-4AE5-A71E-A43A7A738F64}.Release|x86.ActiveCfg = Release|Win32
		{033B6A25-7CC7-4AE5-A71E-A43A7A738F64}.Release|x86.Build.0 = Release|Win32
		{34FC2F26-E493-4097-AEA4-63C823D0170D}.Debug|x64.ActiveCfg = Debug|x64
		{34FC2F26-E493-4097-AEA4-63C823D0170D}.Debug|x64.Build.0 = Debug|x64
		{34FC2F26-E493-4097-AEA4-63C823D0170D}.Debug|x86.ActiveCfg = Debug|Win32
		{34FC2F26-E493-4097-AEA4-63C823D0170D}.Debug|x86.Build.0 = Debug|Win32
		{34FC2F26-E493-4097-AEA4-63C823D0170D}.Release|x64.ActiveCfg = Release|x64
		{34FC2F26-E493-4097-AEA4-63C823D0170D}.Release|x64.Build.0 = Release|x64
		{34FC2F26-E493-4097-AEA4-63C823D0170D}.Release|x86.ActiveCfg = Release|Win32
		{34FC2F26-E493-4097-AEA4-63C823D0170D}.Release|x86.Build.0 = Release|Win32
	EndGlobalSection
	GlobalSection(SolutionProperties) = preSolution
		HideSolutionNode = FALSE
	EndGlobalSection
	GlobalSection(ExtensibilityGlobals) = postSolution
		SolutionGuid = {A95F4915-FB4A-48DA-B30B-07A5E3FB7A1B}
	EndGlobalSection
EndGlobal
